// !$*UTF8*$!
{
	archiveVersion = 1;
	classes = {
	};
	objectVersion = 46;
	objects = {

/* Begin PBXBuildFile section */
		7D3376993698FA0E3366E3F3 /* Pods_Calculator.framework in Frameworks */ = {isa = PBXBuildFile; fileRef = 36752F85DA8EEDD7AA2CF522 /* Pods_Calculator.framework */; };
		C423CCD71EA1C094002F05BC /* AppDelegate.swift in Sources */ = {isa = PBXBuildFile; fileRef = C423CCD61EA1C094002F05BC /* AppDelegate.swift */; };
		C423CCD91EA1C094002F05BC /* ViewController.swift in Sources */ = {isa = PBXBuildFile; fileRef = C423CCD81EA1C094002F05BC /* ViewController.swift */; };
		C423CCDC1EA1C094002F05BC /* Main.storyboard in Resources */ = {isa = PBXBuildFile; fileRef = C423CCDA1EA1C094002F05BC /* Main.storyboard */; };
		C423CCDE1EA1C094002F05BC /* Assets.xcassets in Resources */ = {isa = PBXBuildFile; fileRef = C423CCDD1EA1C094002F05BC /* Assets.xcassets */; };
		C423CCE11EA1C094002F05BC /* LaunchScreen.storyboard in Resources */ = {isa = PBXBuildFile; fileRef = C423CCDF1EA1C094002F05BC /* LaunchScreen.storyboard */; };
		C475BA3B1EA226B600EEA086 /* PodFile in Resources */ = {isa = PBXBuildFile; fileRef = C475BA3A1EA226B600EEA086 /* PodFile */; };
/* End PBXBuildFile section */

/* Begin PBXFileReference section */
		36752F85DA8EEDD7AA2CF522 /* Pods_Calculator.framework */ = {isa = PBXFileReference; explicitFileType = wrapper.framework; includeInIndex = 0; path = Pods_Calculator.framework; sourceTree = BUILT_PRODUCTS_DIR; };
		C423CCD31EA1C094002F05BC /* Calculator.app */ = {isa = PBXFileReference; explicitFileType = wrapper.application; includeInIndex = 0; path = Calculator.app; sourceTree = BUILT_PRODUCTS_DIR; };
		C423CCD61EA1C094002F05BC /* AppDelegate.swift */ = {isa = PBXFileReference; lastKnownFileType = sourcecode.swift; path = AppDelegate.swift; sourceTree = "<group>"; };
		C423CCD81EA1C094002F05BC /* ViewController.swift */ = {isa = PBXFileReference; lastKnownFileType = sourcecode.swift; path = ViewController.swift; sourceTree = "<group>"; };
		C423CCDB1EA1C094002F05BC /* Base */ = {isa = PBXFileReference; lastKnownFileType = file.storyboard; name = Base; path = Base.lproj/Main.storyboard; sourceTree = "<group>"; };
		C423CCDD1EA1C094002F05BC /* Assets.xcassets */ = {isa = PBXFileReference; lastKnownFileType = folder.assetcatalog; path = Assets.xcassets; sourceTree = "<group>"; };
		C423CCE01EA1C094002F05BC /* Base */ = {isa = PBXFileReference; lastKnownFileType = file.storyboard; name = Base; path = Base.lproj/LaunchScreen.storyboard; sourceTree = "<group>"; };
		C423CCE21EA1C094002F05BC /* Info.plist */ = {isa = PBXFileReference; lastKnownFileType = text.plist.xml; path = Info.plist; sourceTree = "<group>"; };
		C475BA3A1EA226B600EEA086 /* PodFile */ = {isa = PBXFileReference; fileEncoding = 4; lastKnownFileType = text; path = PodFile; sourceTree = "<group>"; xcLanguageSpecificationIdentifier = xcode.lang.ruby; };
		D8DFAC269F3EA24C70678C91 /* Pods-Calculator.release.xcconfig */ = {isa = PBXFileReference; includeInIndex = 1; lastKnownFileType = text.xcconfig; name = "Pods-Calculator.release.xcconfig"; path = "Pods/Target Support Files/Pods-Calculator/Pods-Calculator.release.xcconfig"; sourceTree = "<group>"; };
		F2F83ED8BE5175C816ADF153 /* Pods-Calculator.debug.xcconfig */ = {isa = PBXFileReference; includeInIndex = 1; lastKnownFileType = text.xcconfig; name = "Pods-Calculator.debug.xcconfig"; path = "Pods/Target Support Files/Pods-Calculator/Pods-Calculator.debug.xcconfig"; sourceTree = "<group>"; };
/* End PBXFileReference section */

/* Begin PBXFrameworksBuildPhase section */
		C423CCD01EA1C094002F05BC /* Frameworks */ = {
			isa = PBXFrameworksBuildPhase;
			buildActionMask = 2147483647;
			files = (
				7D3376993698FA0E3366E3F3 /* Pods_Calculator.framework in Frameworks */,
			);
			runOnlyForDeploymentPostprocessing = 0;
		};
/* End PBXFrameworksBuildPhase section */

/* Begin PBXGroup section */
		6969576BD9A71CCCF4E3D3DA /* Pods */ = {
			isa = PBXGroup;
			children = (
				F2F83ED8BE5175C816ADF153 /* Pods-Calculator.debug.xcconfig */,
				D8DFAC269F3EA24C70678C91 /* Pods-Calculator.release.xcconfig */,
			);
			name = Pods;
			sourceTree = "<group>";
		};
		B8530405794B1BAA4ECB35A8 /* Frameworks */ = {
			isa = PBXGroup;
			children = (
				36752F85DA8EEDD7AA2CF522 /* Pods_Calculator.framework */,
			);
			name = Frameworks;
			sourceTree = "<group>";
		};
		C423CCCA1EA1C094002F05BC = {
			isa = PBXGroup;
			children = (
				C475BA3A1EA226B600EEA086 /* PodFile */,
				C423CCD51EA1C094002F05BC /* Calculator */,
				C423CCD41EA1C094002F05BC /* Products */,
				6969576BD9A71CCCF4E3D3DA /* Pods */,
				B8530405794B1BAA4ECB35A8 /* Frameworks */,
			);
			sourceTree = "<group>";
		};
		C423CCD41EA1C094002F05BC /* Products */ = {
			isa = PBXGroup;
			children = (
				C423CCD31EA1C094002F05BC /* Calculator.app */,
			);
			name = Products;
			sourceTree = "<group>";
		};
		C423CCD51EA1C094002F05BC /* Calculator */ = {
			isa = PBXGroup;
			children = (
				C423CCD61EA1C094002F05BC /* AppDelegate.swift */,
				C423CCD81EA1C094002F05BC /* ViewController.swift */,
				C423CCDA1EA1C094002F05BC /* Main.storyboard */,
				C423CCDD1EA1C094002F05BC /* Assets.xcassets */,
				C423CCDF1EA1C094002F05BC /* LaunchScreen.storyboard */,
				C423CCE21EA1C094002F05BC /* Info.plist */,
			);
			path = Calculator;
			sourceTree = "<group>";
		};
/* End PBXGroup section */

/* Begin PBXNativeTarget section */
		C423CCD21EA1C094002F05BC /* Calculator */ = {
			isa = PBXNativeTarget;
			buildConfigurationList = C423CCE51EA1C094002F05BC /* Build configuration list for PBXNativeTarget "Calculator" */;
			buildPhases = (
				8E6EBDCD806939AAEE2154A1 /* [CP] Check Pods Manifest.lock */,
				C423CCCF1EA1C094002F05BC /* Sources */,
				C423CCD01EA1C094002F05BC /* Frameworks */,
				C423CCD11EA1C094002F05BC /* Resources */,
				BBB2A1481C4DD66E78C90798 /* [CP] Embed Pods Frameworks */,
				82E6AE67DCA8E3DAA27D18C1 /* [CP] Copy Pods Resources */,
			);
			buildRules = (
			);
			dependencies = (
			);
			name = Calculator;
			productName = Calculator;
			productReference = C423CCD31EA1C094002F05BC /* Calculator.app */;
			productType = "com.apple.product-type.application";
		};
/* End PBXNativeTarget section */

/* Begin PBXProject section */
		C423CCCB1EA1C094002F05BC /* Project object */ = {
			isa = PBXProject;
			attributes = {
				LastSwiftUpdateCheck = 0830;
				LastUpgradeCheck = 0830;
				ORGANIZATIONNAME = "林晏竹";
				TargetAttributes = {
					C423CCD21EA1C094002F05BC = {
						CreatedOnToolsVersion = 8.3.1;
						DevelopmentTeam = 4FAWUFZ5VL;
						ProvisioningStyle = Automatic;
					};
				};
			};
			buildConfigurationList = C423CCCE1EA1C094002F05BC /* Build configuration list for PBXProject "Calculator" */;
			compatibilityVersion = "Xcode 3.2";
			developmentRegion = English;
			hasScannedForEncodings = 0;
			knownRegions = (
				en,
				Base,
			);
			mainGroup = C423CCCA1EA1C094002F05BC;
			productRefGroup = C423CCD41EA1C094002F05BC /* Products */;
			projectDirPath = "";
			projectRoot = "";
			targets = (
				C423CCD21EA1C094002F05BC /* Calculator */,
			);
		};
/* End PBXProject section */

/* Begin PBXResourcesBuildPhase section */
		C423CCD11EA1C094002F05BC /* Resources */ = {
			isa = PBXResourcesBuildPhase;
			buildActionMask = 2147483647;
			files = (
				C423CCE11EA1C094002F05BC /* LaunchScreen.storyboard in Resources */,
				C423CCDE1EA1C094002F05BC /* Assets.xcassets in Resources */,
				C475BA3B1EA226B600EEA086 /* PodFile in Resources */,
				C423CCDC1EA1C094002F05BC /* Main.storyboard in Resources */,
			);
			runOnlyForDeploymentPostprocessing = 0;
		};
/* End PBXResourcesBuildPhase section */

/* Begin PBXShellScriptBuildPhase section */
		82E6AE67DCA8E3DAA27D18C1 /* [CP] Copy Pods Resources */ = {
			isa = PBXShellScriptBuildPhase;
			buildActionMask = 2147483647;
			files = (
			);
			inputPaths = (
			);
			name = "[CP] Copy Pods Resources";
			outputPaths = (
			);
			runOnlyForDeploymentPostprocessing = 0;
			shellPath = /bin/sh;
			shellScript = "\"${SRCROOT}/Pods/Target Support Files/Pods-Calculator/Pods-Calculator-resources.sh\"\n";
			showEnvVarsInLog = 0;
		};
		8E6EBDCD806939AAEE2154A1 /* [CP] Check Pods Manifest.lock */ = {
			isa = PBXShellScriptBuildPhase;
			buildActionMask = 2147483647;
			files = (
			);
			inputPaths = (
			);
			name = "[CP] Check Pods Manifest.lock";
			outputPaths = (
			);
			runOnlyForDeploymentPostprocessing = 0;
			shellPath = /bin/sh;
			shellScript = "diff \"${PODS_ROOT}/../Podfile.lock\" \"${PODS_ROOT}/Manifest.lock\" > /dev/null\nif [ $? != 0 ] ; then\n    # print error to STDERR\n    echo \"error: The sandbox is not in sync with the Podfile.lock. Run 'pod install' or update your CocoaPods installation.\" >&2\n    exit 1\nfi\n";
			showEnvVarsInLog = 0;
		};
		BBB2A1481C4DD66E78C90798 /* [CP] Embed Pods Frameworks */ = {
			isa = PBXShellScriptBuildPhase;
			buildActionMask = 2147483647;
			files = (
			);
			inputPaths = (
			);
			name = "[CP] Embed Pods Frameworks";
			outputPaths = (
			);
			runOnlyForDeploymentPostprocessing = 0;
			shellPath = /bin/sh;
			shellScript = "\"${SRCROOT}/Pods/Target Support Files/Pods-Calculator/Pods-Calculator-frameworks.sh\"\n";
			showEnvVarsInLog = 0;
		};
/* End PBXShellScriptBuildPhase section */

/* Begin PBXSourcesBuildPhase section */
		C423CCCF1EA1C094002F05BC /* Sources */ = {
			isa = PBXSourcesBuildPhase;
			buildActionMask = 2147483647;
			files = (
				C423CCD91EA1C094002F05BC /* ViewController.swift in Sources */,
				C423CCD71EA1C094002F05BC /* AppDelegate.swift in Sources */,
			);
			runOnlyForDeploymentPostprocessing = 0;
		};
/* End PBXSourcesBuildPhase section */

/* Begin PBXVariantGroup section */
		C423CCDA1EA1C094002F05BC /* Main.storyboard */ = {
			isa = PBXVariantGroup;
			children = (
				C423CCDB1EA1C094002F05BC /* Base */,
			);
			name = Main.storyboard;
			sourceTree = "<group>";
		};
		C423CCDF1EA1C094002F05BC /* LaunchScreen.storyboard */ = {
			isa = PBXVariantGroup;
			children = (
				C423CCE01EA1C094002F05BC /* Base */,
			);
			name = LaunchScreen.storyboard;
			sourceTree = "<group>";
		};
/* End PBXVariantGroup section */

/* Begin XCBuildConfiguration section */
		C423CCE31EA1C094002F05BC /* Debug */ = {
			isa = XCBuildConfiguration;
			buildSettings = {
				ALWAYS_SEARCH_USER_PATHS = NO;
				CLANG_ANALYZER_NONNULL = YES;
				CLANG_ANALYZER_NUMBER_OBJECT_CONVERSION = YES_AGGRESSIVE;
				CLANG_CXX_LANGUAGE_STANDARD = "gnu++0x";
				CLANG_CXX_LIBRARY = "libc++";
				CLANG_ENABLE_MODULES = YES;
				CLANG_ENABLE_OBJC_ARC = YES;
				CLANG_WARN_BOOL_CONVERSION = YES;
				CLANG_WARN_CONSTANT_CONVERSION = YES;
				CLANG_WARN_DIRECT_OBJC_ISA_USAGE = YES_ERROR;
				CLANG_WARN_DOCUMENTATION_COMMENTS = YES;
				CLANG_WARN_EMPTY_BODY = YES;
				CLANG_WARN_ENUM_CONVERSION = YES;
				CLANG_WARN_INFINITE_RECURSION = YES;
				CLANG_WARN_INT_CONVERSION = YES;
				CLANG_WARN_OBJC_ROOT_CLASS = YES_ERROR;
				CLANG_WARN_SUSPICIOUS_MOVE = YES;
				CLANG_WARN_UNREACHABLE_CODE = YES;
				CLANG_WARN__DUPLICATE_METHOD_MATCH = YES;
				"CODE_SIGN_IDENTITY[sdk=iphoneos*]" = "iPhone Developer";
				COPY_PHASE_STRIP = NO;
				DEBUG_INFORMATION_FORMAT = dwarf;
				ENABLE_STRICT_OBJC_MSGSEND = YES;
				ENABLE_TESTABILITY = YES;
				GCC_C_LANGUAGE_STANDARD = gnu99;
				GCC_DYNAMIC_NO_PIC = NO;
				GCC_NO_COMMON_BLOCKS = YES;
				GCC_OPTIMIZATION_LEVEL = 0;
				GCC_PREPROCESSOR_DEFINITIONS = (
					"DEBUG=1",
					"$(inherited)",
				);
				GCC_WARN_64_TO_32_BIT_CONVERSION = YES;
				GCC_WARN_ABOUT_RETURN_TYPE = YES_ERROR;
				GCC_WARN_UNDECLARED_SELECTOR = YES;
				GCC_WARN_UNINITIALIZED_AUTOS = YES_AGGRESSIVE;
				GCC_WARN_UNUSED_FUNCTION = YES;
				GCC_WARN_UNUSED_VARIABLE = YES;
				IPHONEOS_DEPLOYMENT_TARGET = 10.3;
				MTL_ENABLE_DEBUG_INFO = YES;
				ONLY_ACTIVE_ARCH = YES;
				SDKROOT = iphoneos;
				SWIFT_ACTIVE_COMPILATION_CONDITIONS = DEBUG;
				SWIFT_OPTIMIZATION_LEVEL = "-Onone";
				TARGETED_DEVICE_FAMILY = "1,2";
			};
			name = Debug;
		};
		C423CCE41EA1C094002F05BC /* Release */ = {
			isa = XCBuildConfiguration;
			buildSettings = {
				ALWAYS_SEARCH_USER_PATHS = NO;
				CLANG_ANALYZER_NONNULL = YES;
				CLANG_ANALYZER_NUMBER_OBJECT_CONVERSION = YES_AGGRESSIVE;
				CLANG_CXX_LANGUAGE_STANDARD = "gnu++0x";
				CLANG_CXX_LIBRARY = "libc++";
				CLANG_ENABLE_MODULES = YES;
				CLANG_ENABLE_OBJC_ARC = YES;
				CLANG_WARN_BOOL_CONVERSION = YES;
				CLANG_WARN_CONSTANT_CONVERSION = YES;
				CLANG_WARN_DIRECT_OBJC_ISA_USAGE = YES_ERROR;
				CLANG_WARN_DOCUMENTATION_COMMENTS = YES;
				CLANG_WARN_EMPTY_BODY = YES;
				CLANG_WARN_ENUM_CONVERSION = YES;
				CLANG_WARN_INFINITE_RECURSION = YES;
				CLANG_WARN_INT_CONVERSION = YES;
				CLANG_WARN_OBJC_ROOT_CLASS = YES_ERROR;
				CLANG_WARN_SUSPICIOUS_MOVE = YES;
				CLANG_WARN_UNREACHABLE_CODE = YES;
				CLANG_WARN__DUPLICATE_METHOD_MATCH = YES;
				"CODE_SIGN_IDENTITY[sdk=iphoneos*]" = "iPhone Developer";
				COPY_PHASE_STRIP = NO;
				DEBUG_INFORMATION_FORMAT = "dwarf-with-dsym";
				ENABLE_NS_ASSERTIONS = NO;
				ENABLE_STRICT_OBJC_MSGSEND = YES;
				GCC_C_LANGUAGE_STANDARD = gnu99;
				GCC_NO_COMMON_BLOCKS = YES;
				GCC_WARN_64_TO_32_BIT_CONVERSION = YES;
				GCC_WARN_ABOUT_RETURN_TYPE = YES_ERROR;
				GCC_WARN_UNDECLARED_SELECTOR = YES;
				GCC_WARN_UNINITIALIZED_AUTOS = YES_AGGRESSIVE;
				GCC_WARN_UNUSED_FUNCTION = YES;
				GCC_WARN_UNUSED_VARIABLE = YES;
				IPHONEOS_DEPLOYMENT_TARGET = 10.3;
				MTL_ENABLE_DEBUG_INFO = NO;
				SDKROOT = iphoneos;
				SWIFT_OPTIMIZATION_LEVEL = "-Owholemodule";
				TARGETED_DEVICE_FAMILY = "1,2";
				VALIDATE_PRODUCT = YES;
			};
			name = Release;
		};
		C423CCE61EA1C094002F05BC /* Debug */ = {
			isa = XCBuildConfiguration;
			baseConfigurationReference = F2F83ED8BE5175C816ADF153 /* Pods-Calculator.debug.xcconfig */;
			buildSettings = {
				ASSETCATALOG_COMPILER_APPICON_NAME = AppIcon;
				DEVELOPMENT_TEAM = 4FAWUFZ5VL;
				INFOPLIST_FILE = Calculator/Info.plist;
				LD_RUNPATH_SEARCH_PATHS = "$(inherited) @executable_path/Frameworks";
				PRODUCT_BUNDLE_IDENTIFIER = com.yenchulin.Calculator;
				PRODUCT_NAME = "$(TARGET_NAME)";
				SWIFT_VERSION = 3.0;
			};
			name = Debug;
		};
		C423CCE71EA1C094002F05BC /* Release */ = {
			isa = XCBuildConfiguration;
			baseConfigurationReference = D8DFAC269F3EA24C70678C91 /* Pods-Calculator.release.xcconfig */;
			buildSettings = {
				ASSETCATALOG_COMPILER_APPICON_NAME = AppIcon;
				DEVELOPMENT_TEAM = 4FAWUFZ5VL;
				INFOPLIST_FILE = Calculator/Info.plist;
				LD_RUNPATH_SEARCH_PATHS = "$(inherited) @executable_path/Frameworks";
				PRODUCT_BUNDLE_IDENTIFIER = com.yenchulin.Calculator;
				PRODUCT_NAME = "$(TARGET_NAME)";
				SWIFT_VERSION = 3.0;
			};
			name = Release;
		};
/* End XCBuildConfiguration section */

/* Begin XCConfigurationList section */
		C423CCCE1EA1C094002F05BC /* Build configuration list for PBXProject "Calculator" */ = {
			isa = XCConfigurationList;
			buildConfigurations = (
				C423CCE31EA1C094002F05BC /* Debug */,
				C423CCE41EA1C094002F05BC /* Release */,
			);
			defaultConfigurationIsVisible = 0;
			defaultConfigurationName = Release;
		};
		C423CCE51EA1C094002F05BC /* Build configuration list for PBXNativeTarget "Calculator" */ = {
			isa = XCConfigurationList;
			buildConfigurations = (
				C423CCE61EA1C094002F05BC /* Debug */,
				C423CCE71EA1C094002F05BC /* Release */,
			);
			defaultConfigurationIsVisible = 0;
			defaultConfigurationName = Release;
		};
/* End XCConfigurationList section */
	};
	rootObject = C423CCCB1EA1C094002F05BC /* Project object */;
}
